
Microsoft Visual Studio Solution File, Format Version 12.00
# Visual Studio 15
VisualStudioVersion = 15.0.27703.2047
MinimumVisualStudioVersion = 10.0.40219.1
Project("{FAE04EC0-301F-11D3-BF4B-00C04F79EFBC}") = "UserProfileList", "UserProfileList\UserProfileList.csproj", "{5BB15E14-2508-4B06-9B20-A4FB5C34A103}"
EndProject
Global
	GlobalSection(SolutionConfigurationPlatforms) = preSolution
		Debug|Any CPU = Debug|Any CPU
		Release|Any CPU = Release|Any CPU
	EndGlobalSection
	GlobalSection(ProjectConfigurationPlatforms) = postSolution
		{5BB15E14-2508-4B06-9B20-A4FB5C34A103}.Debug|Any CPU.ActiveCfg = Debug|Any CPU
		{5BB15E14-2508-4B06-9B20-A4FB5C34A103}.Debug|Any CPU.Build.0 = Debug|Any CPU
		{5BB15E14-2508-4B06-9B20-A4FB5C34A103}.Release|Any CPU.ActiveCfg = Release|Any CPU
		{5BB15E14-2508-4B06-9B20-A4FB5C34A103}.Release|Any CPU.Build.0 = Release|Any CPU
	EndGlobalSection
	GlobalSection(SolutionProperties) = preSolution
		HideSolutionNode = FALSE
	EndGlobalSection
	GlobalSection(ExtensibilityGlobals) = postSolution
		SolutionGuid = {FF7F83DB-7D17-4CD0-A28C-D3FF3A0E3043}
	EndGlobalSection
EndGlobal
